{
  "originHash" : "50332ce3348e9df07b56958b0969d255fad8020066430ec9bca8fca5d1da71ee",
  "pins" : [
    {
      "identity" : "youtubekit",
      "kind" : "remoteSourceControl",
      "location" : "https://github.com/alexeichhorn/YouTubeKit",
      "state" : {
        "revision" : "fc472909d8abad2269cbdc11a71016e23ffe957d",
        "version" : "0.4.6"
      }
    }
  ],
  "version" : 3
}
